// !$*UTF8*$!
{
    archiveVersion = 1;
    classes = {
    };
    objectVersion = 46;
    objects = {

/* Begin PBXBuildFile section */
        4D4938B71E917A1100C85672 /* TextFieldWithStepper.swift in Sources */ = {isa = PBXBuildFile; fileRef = 4D4938B61E917A1100C85672 /* TextFieldWithStepper.swift */; };
        4D81876F1DD8DB54000EC4A9 /* AppDelegate.swift in Sources */ = {isa = PBXBuildFile; fileRef = 4D81876E1DD8DB54000EC4A9 /* AppDelegate.swift */; };
        4D8187711DD8DB54000EC4A9 /* ViewController.swift in Sources */ = {isa = PBXBuildFile; fileRef = 4D8187701DD8DB54000EC4A9 /* ViewController.swift */; };
        4D8187741DD8DB54000EC4A9 /* Main.storyboard in Resources */ = {isa = PBXBuildFile; fileRef = 4D8187721DD8DB54000EC4A9 /* Main.storyboard */; };
        4D8187761DD8DB54000EC4A9 /* Assets.xcassets in Resources */ = {isa = PBXBuildFile; fileRef = 4D8187751DD8DB54000EC4A9 /* Assets.xcassets */; };
        4D8187791DD8DB54000EC4A9 /* LaunchScreen.storyboard in Resources */ = {isa = PBXBuildFile; fileRef = 4D8187771DD8DB54000EC4A9 /* LaunchScreen.storyboard */; };
/* End PBXBuildFile section */

/* Begin PBXFileReference section */
        4D4938B61E917A1100C85672 /* TextFieldWithStepper.swift */ = {isa = PBXFileReference; fileEncoding = 4; lastKnownFileType = sourcecode.swift; path = TextFieldWithStepper.swift; sourceTree = "<group>"; };
        4D81876B1DD8DB53000EC4A9 /* Text Box Incrementer.app */ = {isa = PBXFileReference; explicitFileType = wrapper.application; includeInIndex = 0; path = "Text Box Incrementer.app"; sourceTree = BUILT_PRODUCTS_DIR; };
        4D81876E1DD8DB54000EC4A9 /* AppDelegate.swift */ = {isa = PBXFileReference; lastKnownFileType = sourcecode.swift; path = AppDelegate.swift; sourceTree = "<group>"; };
        4D8187701DD8DB54000EC4A9 /* ViewController.swift */ = {isa = PBXFileReference; lastKnownFileType = sourcecode.swift; path = ViewController.swift; sourceTree = "<group>"; };
        4D8187731DD8DB54000EC4A9 /* Base */ = {isa = PBXFileReference; lastKnownFileType = file.storyboard; name = Base; path = Base.lproj/Main.storyboard; sourceTree = "<group>"; };
        4D8187751DD8DB54000EC4A9 /* Assets.xcassets */ = {isa = PBXFileReference; lastKnownFileType = folder.assetcatalog; path = Assets.xcassets; sourceTree = "<group>"; };
        4D8187781DD8DB54000EC4A9 /* Base */ = {isa = PBXFileReference; lastKnownFileType = file.storyboard; name = Base; path = Base.lproj/LaunchScreen.storyboard; sourceTree = "<group>"; };
        4D81877A1DD8DB54000EC4A9 /* Info.plist */ = {isa = PBXFileReference; lastKnownFileType = text.plist.xml; path = Info.plist; sourceTree = "<group>"; };
/* End PBXFileReference section */

/* Begin PBXFrameworksBuildPhase section */
        4D8187681DD8DB53000EC4A9 /* Frameworks */ = {
            isa = PBXFrameworksBuildPhase;
            buildActionMask = 2147483647;
            files = (
            );
            runOnlyForDeploymentPostprocessing = 0;
        };
/* End PBXFrameworksBuildPhase section */

/* Begin PBXGroup section */
        4D8187621DD8DB53000EC4A9 = {
            isa = PBXGroup;
            children = (
                4D81876D1DD8DB53000EC4A9 /* Text Box Incrementer */,
                4D81876C1DD8DB53000EC4A9 /* Products */,
            );
            sourceTree = "<group>";
        };
        4D81876C1DD8DB53000EC4A9 /* Products */ = {
            isa = PBXGroup;
            children = (
                4D81876B1DD8DB53000EC4A9 /* Text Box Incrementer.app */,
            );
            name = Products;
            sourceTree = "<group>";
        };
        4D81876D1DD8DB53000EC4A9 /* Text Box Incrementer */ = {
            isa = PBXGroup;
            children = (
                4D81876E1DD8DB54000EC4A9 /* AppDelegate.swift */,
                4D8187701DD8DB54000EC4A9 /* ViewController.swift */,
                4D8187721DD8DB54000EC4A9 /* Main.storyboard */,
                4D8187751DD8DB54000EC4A9 /* Assets.xcassets */,
                4D8187771DD8DB54000EC4A9 /* LaunchScreen.storyboard */,
                4D81877A1DD8DB54000EC4A9 /* Info.plist */,
                4D4938B61E917A1100C85672 /* TextFieldWithStepper.swift */,
            );
            path = "Text Box Incrementer";
            sourceTree = "<group>";
        };
/* End PBXGroup section */

/* Begin PBXNativeTarget section */
        4D81876A1DD8DB53000EC4A9 /* Text Box Incrementer */ = {
            isa = PBXNativeTarget;
            buildConfigurationList = 4D81877D1DD8DB54000EC4A9 /* Build configuration list for PBXNativeTarget "Text Box Incrementer" */;
            buildPhases = (
                4D8187671DD8DB53000EC4A9 /* Sources */,
                4D8187681DD8DB53000EC4A9 /* Frameworks */,
                4D8187691DD8DB53000EC4A9 /* Resources */,
            );
            buildRules = (
            );
            dependencies = (
            );
            name = "Text Box Incrementer";
            productName = "Text Box Incrementer";
            productReference = 4D81876B1DD8DB53000EC4A9 /* Text Box Incrementer.app */;
            productType = "com.apple.product-type.application";
        };
/* End PBXNativeTarget section */

/* Begin PBXProject section */
        4D8187631DD8DB53000EC4A9 /* Project object */ = {
            isa = PBXProject;
            attributes = {
                LastSwiftUpdateCheck = 0810;
                LastUpgradeCheck = 0820;
                ORGANIZATIONNAME = "Mark Nolte";
                TargetAttributes = {
                    4D81876A1DD8DB53000EC4A9 = {
                        CreatedOnToolsVersion = 8.1;
                        DevelopmentTeam = 92UFAG2RNG;
                        ProvisioningStyle = Automatic;
                    };
                };
            };
            buildConfigurationList = 4D8187661DD8DB53000EC4A9 /* Build configuration list for PBXProject "Text Box Incrementer" */;
            compatibilityVersion = "Xcode 3.2";
            developmentRegion = English;
            hasScannedForEncodings = 0;
            knownRegions = (
                en,
                Base,
            );
            mainGroup = 4D8187621DD8DB53000EC4A9;
            productRefGroup = 4D81876C1DD8DB53000EC4A9 /* Products */;
            projectDirPath = "";
            projectRoot = "";
            targets = (
                4D81876A1DD8DB53000EC4A9 /* Text Box Incrementer */,
            );
        };
/* End PBXProject section */

/* Begin PBXResourcesBuildPhase section */
        4D8187691DD8DB53000EC4A9 /* Resources */ = {
            isa = PBXResourcesBuildPhase;
            buildActionMask = 2147483647;
            files = (
                4D8187791DD8DB54000EC4A9 /* LaunchScreen.storyboard in Resources */,
                4D8187761DD8DB54000EC4A9 /* Assets.xcassets in Resources */,
                4D8187741DD8DB54000EC4A9 /* Main.storyboard in Resources */,
            );
            runOnlyForDeploymentPostprocessing = 0;
        };
/* End PBXResourcesBuildPhase section */

/* Begin PBXSourcesBuildPhase section */
        4D8187671DD8DB53000EC4A9 /* Sources */ = {
            isa = PBXSourcesBuildPhase;
            buildActionMask = 2147483647;
            files = (
                4D8187711DD8DB54000EC4A9 /* ViewController.swift in Sources */,
                4D81876F1DD8DB54000EC4A9 /* AppDelegate.swift in Sources */,
                4D4938B71E917A1100C85672 /* TextFieldWithStepper.swift in Sources */,
            );
            runOnlyForDeploymentPostprocessing = 0;
        };
/* End PBXSourcesBuildPhase section */

/* Begin PBXVariantGroup section */
        4D8187721DD8DB54000EC4A9 /* Main.storyboard */ = {
            isa = PBXVariantGroup;
            children = (
                4D8187731DD8DB54000EC4A9 /* Base */,
            );
            name = Main.storyboard;
            sourceTree = "<group>";
        };
        4D8187771DD8DB54000EC4A9 /* LaunchScreen.storyboard */ = {
            isa = PBXVariantGroup;
            children = (
                4D8187781DD8DB54000EC4A9 /* Base */,
            );
            name = LaunchScreen.storyboard;
            sourceTree = "<group>";
        };
/* End PBXVariantGroup section */

/* Begin XCBuildConfiguration section */
        4D81877B1DD8DB54000EC4A9 /* Debug */ = {
            isa = XCBuildConfiguration;
            buildSettings = {
                ALWAYS_SEARCH_USER_PATHS = NO;
                CLANG_ANALYZER_NONNULL = YES;
                CLANG_CXX_LANGUAGE_STANDARD = "gnu++0x";
                CLANG_CXX_LIBRARY = "libc++";
                CLANG_ENABLE_MODULES = YES;
                CLANG_ENABLE_OBJC_ARC = YES;
                CLANG_WARN_BOOL_CONVERSION = YES;
                CLANG_WARN_CONSTANT_CONVERSION = YES;
                CLANG_WARN_DIRECT_OBJC_ISA_USAGE = YES_ERROR;
                CLANG_WARN_DOCUMENTATION_COMMENTS = YES;
                CLANG_WARN_EMPTY_BODY = YES;
                CLANG_WARN_ENUM_CONVERSION = YES;
                CLANG_WARN_INFINITE_RECURSION = YES;
                CLANG_WARN_INT_CONVERSION = YES;
                CLANG_WARN_OBJC_ROOT_CLASS = YES_ERROR;
                CLANG_WARN_SUSPICIOUS_MOVE = YES;
                CLANG_WARN_SUSPICIOUS_MOVES = YES;
                CLANG_WARN_UNREACHABLE_CODE = YES;
                CLANG_WARN__DUPLICATE_METHOD_MATCH = YES;
                "CODE_SIGN_IDENTITY[sdk=iphoneos*]" = "iPhone Developer";
                COPY_PHASE_STRIP = NO;
                DEBUG_INFORMATION_FORMAT = dwarf;
                ENABLE_STRICT_OBJC_MSGSEND = YES;
                ENABLE_TESTABILITY = YES;
                GCC_C_LANGUAGE_STANDARD = gnu99;
                GCC_DYNAMIC_NO_PIC = NO;
                GCC_NO_COMMON_BLOCKS = YES;
                GCC_OPTIMIZATION_LEVEL = 0;
                GCC_PREPROCESSOR_DEFINITIONS = (
                    "DEBUG=1",
                    "$(inherited)",
                );
                GCC_WARN_64_TO_32_BIT_CONVERSION = YES;
                GCC_WARN_ABOUT_RETURN_TYPE = YES_ERROR;
                GCC_WARN_UNDECLARED_SELECTOR = YES;
                GCC_WARN_UNINITIALIZED_AUTOS = YES_AGGRESSIVE;
                GCC_WARN_UNUSED_FUNCTION = YES;
                GCC_WARN_UNUSED_VARIABLE = YES;
                IPHONEOS_DEPLOYMENT_TARGET = 10.1;
                MTL_ENABLE_DEBUG_INFO = YES;
                ONLY_ACTIVE_ARCH = YES;
                SDKROOT = iphoneos;
                SWIFT_ACTIVE_COMPILATION_CONDITIONS = DEBUG;
                SWIFT_OPTIMIZATION_LEVEL = "-Onone";
                TARGETED_DEVICE_FAMILY = "1,2";
            };
            name = Debug;
        };
        4D81877C1DD8DB54000EC4A9 /* Release */ = {
            isa = XCBuildConfiguration;
            buildSettings = {
                ALWAYS_SEARCH_USER_PATHS = NO;
                CLANG_ANALYZER_NONNULL = YES;
                CLANG_CXX_LANGUAGE_STANDARD = "gnu++0x";
                CLANG_CXX_LIBRARY = "libc++";
                CLANG_ENABLE_MODULES = YES;
                CLANG_ENABLE_OBJC_ARC = YES;
                CLANG_WARN_BOOL_CONVERSION = YES;
                CLANG_WARN_CONSTANT_CONVERSION = YES;
                CLANG_WARN_DIRECT_OBJC_ISA_USAGE = YES_ERROR;
                CLANG_WARN_DOCUMENTATION_COMMENTS = YES;
                CLANG_WARN_EMPTY_BODY = YES;
                CLANG_WARN_ENUM_CONVERSION = YES;
                CLANG_WARN_INFINITE_RECURSION = YES;
                CLANG_WARN_INT_CONVERSION = YES;
                CLANG_WARN_OBJC_ROOT_CLASS = YES_ERROR;
                CLANG_WARN_SUSPICIOUS_MOVE = YES;
                CLANG_WARN_SUSPICIOUS_MOVES = YES;
                CLANG_WARN_UNREACHABLE_CODE = YES;
                CLANG_WARN__DUPLICATE_METHOD_MATCH = YES;
                "CODE_SIGN_IDENTITY[sdk=iphoneos*]" = "iPhone Developer";
                COPY_PHASE_STRIP = NO;
                DEBUG_INFORMATION_FORMAT = "dwarf-with-dsym";
                ENABLE_NS_ASSERTIONS = NO;
                ENABLE_STRICT_OBJC_MSGSEND = YES;
                GCC_C_LANGUAGE_STANDARD = gnu99;
                GCC_NO_COMMON_BLOCKS = YES;
                GCC_WARN_64_TO_32_BIT_CONVERSION = YES;
                GCC_WARN_ABOUT_RETURN_TYPE = YES_ERROR;
                GCC_WARN_UNDECLARED_SELECTOR = YES;
                GCC_WARN_UNINITIALIZED_AUTOS = YES_AGGRESSIVE;
                GCC_WARN_UNUSED_FUNCTION = YES;
                GCC_WARN_UNUSED_VARIABLE = YES;
                IPHONEOS_DEPLOYMENT_TARGET = 10.1;
                MTL_ENABLE_DEBUG_INFO = NO;
                SDKROOT = iphoneos;
                SWIFT_OPTIMIZATION_LEVEL = "-Owholemodule";
                TARGETED_DEVICE_FAMILY = "1,2";
                VALIDATE_PRODUCT = YES;
            };
            name = Release;
        };
        4D81877E1DD8DB54000EC4A9 /* Debug */ = {
            isa = XCBuildConfiguration;
            buildSettings = {
                ASSETCATALOG_COMPILER_APPICON_NAME = AppIcon;
                DEVELOPMENT_TEAM = 92UFAG2RNG;
                INFOPLIST_FILE = "Text Box Incrementer/Info.plist";
                LD_RUNPATH_SEARCH_PATHS = "$(inherited) @executable_path/Frameworks";
                PRODUCT_BUNDLE_IDENTIFIER = "Go-Bears.Text-Box-Incrementer";
                PRODUCT_NAME = "$(TARGET_NAME)";
                SWIFT_VERSION = 3.0;
            };
            name = Debug;
        };
        4D81877F1DD8DB54000EC4A9 /* Release */ = {
            isa = XCBuildConfiguration;
            buildSettings = {
                ASSETCATALOG_COMPILER_APPICON_NAME = AppIcon;
                DEVELOPMENT_TEAM = 92UFAG2RNG;
                INFOPLIST_FILE = "Text Box Incrementer/Info.plist";
                LD_RUNPATH_SEARCH_PATHS = "$(inherited) @executable_path/Frameworks";
                PRODUCT_BUNDLE_IDENTIFIER = "Go-Bears.Text-Box-Incrementer";
                PRODUCT_NAME = "$(TARGET_NAME)";
                SWIFT_VERSION = 3.0;
            };
            name = Release;
        };
/* End XCBuildConfiguration section */

/* Begin XCConfigurationList section */
        4D8187661DD8DB53000EC4A9 /* Build configuration list for PBXProject "Text Box Incrementer" */ = {
            isa = XCConfigurationList;
            buildConfigurations = (
                4D81877B1DD8DB54000EC4A9 /* Debug */,
                4D81877C1DD8DB54000EC4A9 /* Release */,
            );
            defaultConfigurationIsVisible = 0;
            defaultConfigurationName = Release;
        };
        4D81877D1DD8DB54000EC4A9 /* Build configuration list for PBXNativeTarget "Text Box Incrementer" */ = {
            isa = XCConfigurationList;
            buildConfigurations = (
                4D81877E1DD8DB54000EC4A9 /* Debug */,
                4D81877F1DD8DB54000EC4A9 /* Release */,
            );
            defaultConfigurationIsVisible = 0;
            defaultConfigurationName = Release;
        };
/* End XCConfigurationList section */
    };
    rootObject = 4D8187631DD8DB53000EC4A9 /* Project object */;
}
